
Microsoft Visual Studio Solution File, Format Version 12.00
# Visual Studio Version 16
VisualStudioVersion = 16.0.33529.622
MinimumVisualStudioVersion = 10.0.40219.1
Project("{FAE04EC0-301F-11D3-BF4B-00C04F79EFBC}") = "Test", "Test.csproj", "{381F3943-F67B-418E-97C1-3CFCADCD313C}"
EndProject
Global
	GlobalSection(SolutionConfigurationPlatforms) = preSolution
		Debug|Any CPU = Debug|Any CPU
		Release|Any CPU = Release|Any CPU
	EndGlobalSection
	GlobalSection(ProjectConfigurationPlatforms) = postSolution
		{381F3943-F67B-418E-97C1-3CFCADCD313C}.Debug|Any CPU.ActiveCfg = Debug|Any CPU
		{381F3943-F67B-418E-97C1-3CFCADCD313C}.Debug|Any CPU.Build.0 = Debug|Any CPU
		{381F3943-F67B-418E-97C1-3CFCADCD313C}.Release|Any CPU.ActiveCfg = Release|Any CPU
		{381F3943-F67B-418E-97C1-3CFCADCD313C}.Release|Any CPU.Build.0 = Release|Any CPU
	EndGlobalSection
	GlobalSection(SolutionProperties) = preSolution
		HideSolutionNode = FALSE
	EndGlobalSection
	GlobalSection(ExtensibilityGlobals) = postSolution
		SolutionGuid = {0EE9DE72-FDE0-4B4D-B3D9-157B653F3A76}
	EndGlobalSection
EndGlobal
